// !$*UTF8*$!
{
	archiveVersion = 1;
	classes = {
	};
	objectVersion = 50;
	objects = {

/* Begin PBXBuildFile section */
		4918548221FB984F00B09848 /* Classes.swift in Sources */ = {isa = PBXBuildFile; fileRef = 4918548121FB984F00B09848 /* Classes.swift */; };
		491AD13221D6973F00473615 /* UI.swift in Sources */ = {isa = PBXBuildFile; fileRef = 491AD13121D6973E00473615 /* UI.swift */; };
		491CA71621F3A3BF00CAB37C /* UIRightMessageView.swift in Sources */ = {isa = PBXBuildFile; fileRef = 491CA71521F3A3BF00CAB37C /* UIRightMessageView.swift */; };
		491CA71921F3A61F00CAB37C /* YandexAPI.swift in Sources */ = {isa = PBXBuildFile; fileRef = 491CA71821F3A61F00CAB37C /* YandexAPI.swift */; };
		492192A221D5945E000A5136 /* TranslatorViewController.swift in Sources */ = {isa = PBXBuildFile; fileRef = 492192A121D5945E000A5136 /* TranslatorViewController.swift */; };
		492192A421D594CA000A5136 /* UIMessageCell.swift in Sources */ = {isa = PBXBuildFile; fileRef = 492192A321D594CA000A5136 /* UIMessageCell.swift */; };
		4927A4972200D1C700E741D5 /* UISwitcherView.swift in Sources */ = {isa = PBXBuildFile; fileRef = 4927A4962200D1C700E741D5 /* UISwitcherView.swift */; };
		4927A49C2200E8B100E741D5 /* UIInputField.swift in Sources */ = {isa = PBXBuildFile; fileRef = 4927A49B2200E8B100E741D5 /* UIInputField.swift */; };
		498C150B21D2BEC30050C793 /* UIInputBarView.swift in Sources */ = {isa = PBXBuildFile; fileRef = 498C150A21D2BEC30050C793 /* UIInputBarView.swift */; };
		499700CD21CE880000B053FE /* AppDelegate.swift in Sources */ = {isa = PBXBuildFile; fileRef = 499700CC21CE880000B053FE /* AppDelegate.swift */; };
		499700D421CE880000B053FE /* Main.storyboard in Resources */ = {isa = PBXBuildFile; fileRef = 499700D221CE880000B053FE /* Main.storyboard */; };
		499700D621CE880200B053FE /* Assets.xcassets in Resources */ = {isa = PBXBuildFile; fileRef = 499700D521CE880200B053FE /* Assets.xcassets */; };
		499700D921CE880200B053FE /* LaunchScreen.storyboard in Resources */ = {isa = PBXBuildFile; fileRef = 499700D721CE880200B053FE /* LaunchScreen.storyboard */; };
		49D3099D21D6AC1B00A9527E /* YandexSansText-Medium.ttf in Resources */ = {isa = PBXBuildFile; fileRef = 49D3099721D6AC1B00A9527E /* YandexSansText-Medium.ttf */; };
		49D309A521D6B40E00A9527E /* UILeftMessageView.swift in Sources */ = {isa = PBXBuildFile; fileRef = 49D309A421D6B40E00A9527E /* UILeftMessageView.swift */; };
		6153FD0D44D73F1DAE09FD16 /* Pods_Translator.framework in Frameworks */ = {isa = PBXBuildFile; fileRef = B7E4AF2D0636086A8FB959C2 /* Pods_Translator.framework */; };
/* End PBXBuildFile section */

/* Begin PBXFileReference section */
		29B7BEAE42B53B05155F741C /* Pods-Translator.release.xcconfig */ = {isa = PBXFileReference; includeInIndex = 1; lastKnownFileType = text.xcconfig; name = "Pods-Translator.release.xcconfig"; path = "Pods/Target Support Files/Pods-Translator/Pods-Translator.release.xcconfig"; sourceTree = "<group>"; };
		4918548121FB984F00B09848 /* Classes.swift */ = {isa = PBXFileReference; lastKnownFileType = sourcecode.swift; path = Classes.swift; sourceTree = "<group>"; };
		491AD13121D6973E00473615 /* UI.swift */ = {isa = PBXFileReference; lastKnownFileType = sourcecode.swift; path = UI.swift; sourceTree = "<group>"; };
		491CA71521F3A3BF00CAB37C /* UIRightMessageView.swift */ = {isa = PBXFileReference; lastKnownFileType = sourcecode.swift; path = UIRightMessageView.swift; sourceTree = "<group>"; };
		491CA71821F3A61F00CAB37C /* YandexAPI.swift */ = {isa = PBXFileReference; lastKnownFileType = sourcecode.swift; path = YandexAPI.swift; sourceTree = "<group>"; };
		492192A121D5945E000A5136 /* TranslatorViewController.swift */ = {isa = PBXFileReference; lastKnownFileType = sourcecode.swift; path = TranslatorViewController.swift; sourceTree = "<group>"; };
		492192A321D594CA000A5136 /* UIMessageCell.swift */ = {isa = PBXFileReference; lastKnownFileType = sourcecode.swift; path = UIMessageCell.swift; sourceTree = "<group>"; };
		4927A4962200D1C700E741D5 /* UISwitcherView.swift */ = {isa = PBXFileReference; lastKnownFileType = sourcecode.swift; path = UISwitcherView.swift; sourceTree = "<group>"; };
		4927A49B2200E8B100E741D5 /* UIInputField.swift */ = {isa = PBXFileReference; lastKnownFileType = sourcecode.swift; path = UIInputField.swift; sourceTree = "<group>"; };
		498C150A21D2BEC30050C793 /* UIInputBarView.swift */ = {isa = PBXFileReference; lastKnownFileType = sourcecode.swift; path = UIInputBarView.swift; sourceTree = "<group>"; };
		499700C921CE880000B053FE /* Translator.app */ = {isa = PBXFileReference; explicitFileType = wrapper.application; includeInIndex = 0; path = Translator.app; sourceTree = BUILT_PRODUCTS_DIR; };
		499700CC21CE880000B053FE /* AppDelegate.swift */ = {isa = PBXFileReference; lastKnownFileType = sourcecode.swift; path = AppDelegate.swift; sourceTree = "<group>"; };
		499700D321CE880000B053FE /* Base */ = {isa = PBXFileReference; lastKnownFileType = file.storyboard; name = Base; path = Base.lproj/Main.storyboard; sourceTree = "<group>"; };
		499700D521CE880200B053FE /* Assets.xcassets */ = {isa = PBXFileReference; lastKnownFileType = folder.assetcatalog; path = Assets.xcassets; sourceTree = "<group>"; };
		499700D821CE880200B053FE /* Base */ = {isa = PBXFileReference; lastKnownFileType = file.storyboard; name = Base; path = Base.lproj/LaunchScreen.storyboard; sourceTree = "<group>"; };
		499700DA21CE880200B053FE /* Info.plist */ = {isa = PBXFileReference; lastKnownFileType = text.plist.xml; path = Info.plist; sourceTree = "<group>"; };
		49D3099721D6AC1B00A9527E /* YandexSansText-Medium.ttf */ = {isa = PBXFileReference; lastKnownFileType = file; path = "YandexSansText-Medium.ttf"; sourceTree = "<group>"; };
		49D309A421D6B40E00A9527E /* UILeftMessageView.swift */ = {isa = PBXFileReference; lastKnownFileType = sourcecode.swift; path = UILeftMessageView.swift; sourceTree = "<group>"; };
		B7E4AF2D0636086A8FB959C2 /* Pods_Translator.framework */ = {isa = PBXFileReference; explicitFileType = wrapper.framework; includeInIndex = 0; path = Pods_Translator.framework; sourceTree = BUILT_PRODUCTS_DIR; };
		F81E02480C18C36A0A47823A /* Pods-Translator.debug.xcconfig */ = {isa = PBXFileReference; includeInIndex = 1; lastKnownFileType = text.xcconfig; name = "Pods-Translator.debug.xcconfig"; path = "Pods/Target Support Files/Pods-Translator/Pods-Translator.debug.xcconfig"; sourceTree = "<group>"; };
/* End PBXFileReference section */

/* Begin PBXFrameworksBuildPhase section */
		499700C621CE880000B053FE /* Frameworks */ = {
			isa = PBXFrameworksBuildPhase;
			buildActionMask = 2147483647;
			files = (
				6153FD0D44D73F1DAE09FD16 /* Pods_Translator.framework in Frameworks */,
			);
			runOnlyForDeploymentPostprocessing = 0;
		};
/* End PBXFrameworksBuildPhase section */

/* Begin PBXGroup section */
		0E75CC1463E5E203B8DF33B9 /* Frameworks */ = {
			isa = PBXGroup;
			children = (
				B7E4AF2D0636086A8FB959C2 /* Pods_Translator.framework */,
			);
			name = Frameworks;
			sourceTree = "<group>";
		};
		491AD12F21D6970300473615 /* Extensions */ = {
			isa = PBXGroup;
			children = (
				491AD13121D6973E00473615 /* UI.swift */,
			);
			path = Extensions;
			sourceTree = "<group>";
		};
		491CA71721F3A59300CAB37C /* Classes */ = {
			isa = PBXGroup;
			children = (
				491CA71821F3A61F00CAB37C /* YandexAPI.swift */,
				4918548121FB984F00B09848 /* Classes.swift */,
			);
			path = Classes;
			sourceTree = "<group>";
		};
		492192A021D59409000A5136 /* Contlroller */ = {
			isa = PBXGroup;
			children = (
				492192A121D5945E000A5136 /* TranslatorViewController.swift */,
			);
			path = Contlroller;
			sourceTree = "<group>";
		};
		498C150921D2BE6B0050C793 /* View */ = {
			isa = PBXGroup;
			children = (
				492192A321D594CA000A5136 /* UIMessageCell.swift */,
				49D309A421D6B40E00A9527E /* UILeftMessageView.swift */,
				491CA71521F3A3BF00CAB37C /* UIRightMessageView.swift */,
				498C150A21D2BEC30050C793 /* UIInputBarView.swift */,
				4927A4962200D1C700E741D5 /* UISwitcherView.swift */,
				4927A49B2200E8B100E741D5 /* UIInputField.swift */,
			);
			path = View;
			sourceTree = "<group>";
		};
		499700C021CE880000B053FE = {
			isa = PBXGroup;
			children = (
				49D3099321D6AB9B00A9527E /* Resources */,
				491AD12F21D6970300473615 /* Extensions */,
				499700CB21CE880000B053FE /* Translator */,
				499700CA21CE880000B053FE /* Products */,
				DD326607BB952AFF3D93055B /* Pods */,
				0E75CC1463E5E203B8DF33B9 /* Frameworks */,
			);
			sourceTree = "<group>";
		};
		499700CA21CE880000B053FE /* Products */ = {
			isa = PBXGroup;
			children = (
				499700C921CE880000B053FE /* Translator.app */,
			);
			name = Products;
			sourceTree = "<group>";
		};
		499700CB21CE880000B053FE /* Translator */ = {
			isa = PBXGroup;
			children = (
				491CA71721F3A59300CAB37C /* Classes */,
				492192A021D59409000A5136 /* Contlroller */,
				498C150921D2BE6B0050C793 /* View */,
				499700CC21CE880000B053FE /* AppDelegate.swift */,
				499700D221CE880000B053FE /* Main.storyboard */,
				499700D721CE880200B053FE /* LaunchScreen.storyboard */,
				499700DA21CE880200B053FE /* Info.plist */,
			);
			path = Translator;
			sourceTree = "<group>";
		};
		49D3099321D6AB9B00A9527E /* Resources */ = {
			isa = PBXGroup;
			children = (
				499700D521CE880200B053FE /* Assets.xcassets */,
				49D3099421D6ABB000A9527E /* Fonts */,
			);
			path = Resources;
			sourceTree = "<group>";
		};
		49D3099421D6ABB000A9527E /* Fonts */ = {
			isa = PBXGroup;
			children = (
				49D3099521D6ABB800A9527E /* Yandex Sans Text */,
			);
			path = Fonts;
			sourceTree = "<group>";
		};
		49D3099521D6ABB800A9527E /* Yandex Sans Text */ = {
			isa = PBXGroup;
			children = (
				49D3099721D6AC1B00A9527E /* YandexSansText-Medium.ttf */,
			);
			path = "Yandex Sans Text";
			sourceTree = "<group>";
		};
		DD326607BB952AFF3D93055B /* Pods */ = {
			isa = PBXGroup;
			children = (
				F81E02480C18C36A0A47823A /* Pods-Translator.debug.xcconfig */,
				29B7BEAE42B53B05155F741C /* Pods-Translator.release.xcconfig */,
			);
			name = Pods;
			sourceTree = "<group>";
		};
/* End PBXGroup section */

/* Begin PBXNativeTarget section */
		499700C821CE880000B053FE /* Translator */ = {
			isa = PBXNativeTarget;
			buildConfigurationList = 499700DD21CE880200B053FE /* Build configuration list for PBXNativeTarget "Translator" */;
			buildPhases = (
				EB3A0EFBF1171FDE2079D30B /* [CP] Check Pods Manifest.lock */,
				499700C521CE880000B053FE /* Sources */,
				499700C621CE880000B053FE /* Frameworks */,
				499700C721CE880000B053FE /* Resources */,
				E7526F9890C177F6985BCDA7 /* [CP] Embed Pods Frameworks */,
			);
			buildRules = (
			);
			dependencies = (
			);
			name = Translator;
			productName = Translator;
			productReference = 499700C921CE880000B053FE /* Translator.app */;
			productType = "com.apple.product-type.application";
		};
/* End PBXNativeTarget section */

/* Begin PBXProject section */
		499700C121CE880000B053FE /* Project object */ = {
			isa = PBXProject;
			attributes = {
				LastSwiftUpdateCheck = 1010;
				LastUpgradeCheck = 1010;
				ORGANIZATIONNAME = "Andrew Dzhur";
				TargetAttributes = {
					499700C821CE880000B053FE = {
						CreatedOnToolsVersion = 10.1;
					};
				};
			};
			buildConfigurationList = 499700C421CE880000B053FE /* Build configuration list for PBXProject "Translator" */;
			compatibilityVersion = "Xcode 9.3";
			developmentRegion = en;
			hasScannedForEncodings = 0;
			knownRegions = (
				en,
				Base,
			);
			mainGroup = 499700C021CE880000B053FE;
			productRefGroup = 499700CA21CE880000B053FE /* Products */;
			projectDirPath = "";
			projectRoot = "";
			targets = (
				499700C821CE880000B053FE /* Translator */,
			);
		};
/* End PBXProject section */

/* Begin PBXResourcesBuildPhase section */
		499700C721CE880000B053FE /* Resources */ = {
			isa = PBXResourcesBuildPhase;
			buildActionMask = 2147483647;
			files = (
				49D3099D21D6AC1B00A9527E /* YandexSansText-Medium.ttf in Resources */,
				499700D921CE880200B053FE /* LaunchScreen.storyboard in Resources */,
				499700D621CE880200B053FE /* Assets.xcassets in Resources */,
				499700D421CE880000B053FE /* Main.storyboard in Resources */,
			);
			runOnlyForDeploymentPostprocessing = 0;
		};
/* End PBXResourcesBuildPhase section */

/* Begin PBXShellScriptBuildPhase section */
		E7526F9890C177F6985BCDA7 /* [CP] Embed Pods Frameworks */ = {
			isa = PBXShellScriptBuildPhase;
			buildActionMask = 2147483647;
			files = (
			);
			inputPaths = (
				"${SRCROOT}/Pods/Target Support Files/Pods-Translator/Pods-Translator-frameworks.sh",
				"${BUILT_PRODUCTS_DIR}/Alamofire/Alamofire.framework",
			);
			name = "[CP] Embed Pods Frameworks";
			outputPaths = (
				"${TARGET_BUILD_DIR}/${FRAMEWORKS_FOLDER_PATH}/Alamofire.framework",
			);
			runOnlyForDeploymentPostprocessing = 0;
			shellPath = /bin/sh;
			shellScript = "\"${SRCROOT}/Pods/Target Support Files/Pods-Translator/Pods-Translator-frameworks.sh\"\n";
			showEnvVarsInLog = 0;
		};
		EB3A0EFBF1171FDE2079D30B /* [CP] Check Pods Manifest.lock */ = {
			isa = PBXShellScriptBuildPhase;
			buildActionMask = 2147483647;
			files = (
			);
			inputPaths = (
				"${PODS_PODFILE_DIR_PATH}/Podfile.lock",
				"${PODS_ROOT}/Manifest.lock",
			);
			name = "[CP] Check Pods Manifest.lock";
			outputPaths = (
				"$(DERIVED_FILE_DIR)/Pods-Translator-checkManifestLockResult.txt",
			);
			runOnlyForDeploymentPostprocessing = 0;
			shellPath = /bin/sh;
			shellScript = "diff \"${PODS_PODFILE_DIR_PATH}/Podfile.lock\" \"${PODS_ROOT}/Manifest.lock\" > /dev/null\nif [ $? != 0 ] ; then\n    # print error to STDERR\n    echo \"error: The sandbox is not in sync with the Podfile.lock. Run 'pod install' or update your CocoaPods installation.\" >&2\n    exit 1\nfi\n# This output is used by Xcode 'outputs' to avoid re-running this script phase.\necho \"SUCCESS\" > \"${SCRIPT_OUTPUT_FILE_0}\"\n";
			showEnvVarsInLog = 0;
		};
/* End PBXShellScriptBuildPhase section */

/* Begin PBXSourcesBuildPhase section */
		499700C521CE880000B053FE /* Sources */ = {
			isa = PBXSourcesBuildPhase;
			buildActionMask = 2147483647;
			files = (
				498C150B21D2BEC30050C793 /* UIInputBarView.swift in Sources */,
				491AD13221D6973F00473615 /* UI.swift in Sources */,
				492192A421D594CA000A5136 /* UIMessageCell.swift in Sources */,
				4927A4972200D1C700E741D5 /* UISwitcherView.swift in Sources */,
				4927A49C2200E8B100E741D5 /* UIInputField.swift in Sources */,
				499700CD21CE880000B053FE /* AppDelegate.swift in Sources */,
				491CA71921F3A61F00CAB37C /* YandexAPI.swift in Sources */,
				49D309A521D6B40E00A9527E /* UILeftMessageView.swift in Sources */,
				492192A221D5945E000A5136 /* TranslatorViewController.swift in Sources */,
				4918548221FB984F00B09848 /* Classes.swift in Sources */,
				491CA71621F3A3BF00CAB37C /* UIRightMessageView.swift in Sources */,
			);
			runOnlyForDeploymentPostprocessing = 0;
		};
/* End PBXSourcesBuildPhase section */

/* Begin PBXVariantGroup section */
		499700D221CE880000B053FE /* Main.storyboard */ = {
			isa = PBXVariantGroup;
			children = (
				499700D321CE880000B053FE /* Base */,
			);
			name = Main.storyboard;
			sourceTree = "<group>";
		};
		499700D721CE880200B053FE /* LaunchScreen.storyboard */ = {
			isa = PBXVariantGroup;
			children = (
				499700D821CE880200B053FE /* Base */,
			);
			name = LaunchScreen.storyboard;
			sourceTree = "<group>";
		};
/* End PBXVariantGroup section */

/* Begin XCBuildConfiguration section */
		499700DB21CE880200B053FE /* Debug */ = {
			isa = XCBuildConfiguration;
			buildSettings = {
				ALWAYS_SEARCH_USER_PATHS = NO;
				CLANG_ANALYZER_NONNULL = YES;
				CLANG_ANALYZER_NUMBER_OBJECT_CONVERSION = YES_AGGRESSIVE;
				CLANG_CXX_LANGUAGE_STANDARD = "gnu++14";
				CLANG_CXX_LIBRARY = "libc++";
				CLANG_ENABLE_MODULES = YES;
				CLANG_ENABLE_OBJC_ARC = YES;
				CLANG_ENABLE_OBJC_WEAK = YES;
				CLANG_WARN_BLOCK_CAPTURE_AUTORELEASING = YES;
				CLANG_WARN_BOOL_CONVERSION = YES;
				CLANG_WARN_COMMA = YES;
				CLANG_WARN_CONSTANT_CONVERSION = YES;
				CLANG_WARN_DEPRECATED_OBJC_IMPLEMENTATIONS = YES;
				CLANG_WARN_DIRECT_OBJC_ISA_USAGE = YES_ERROR;
				CLANG_WARN_DOCUMENTATION_COMMENTS = YES;
				CLANG_WARN_EMPTY_BODY = YES;
				CLANG_WARN_ENUM_CONVERSION = YES;
				CLANG_WARN_INFINITE_RECURSION = YES;
				CLANG_WARN_INT_CONVERSION = YES;
				CLANG_WARN_NON_LITERAL_NULL_CONVERSION = YES;
				CLANG_WARN_OBJC_IMPLICIT_RETAIN_SELF = YES;
				CLANG_WARN_OBJC_LITERAL_CONVERSION = YES;
				CLANG_WARN_OBJC_ROOT_CLASS = YES_ERROR;
				CLANG_WARN_RANGE_LOOP_ANALYSIS = YES;
				CLANG_WARN_STRICT_PROTOTYPES = YES;
				CLANG_WARN_SUSPICIOUS_MOVE = YES;
				CLANG_WARN_UNGUARDED_AVAILABILITY = YES_AGGRESSIVE;
				CLANG_WARN_UNREACHABLE_CODE = YES;
				CLANG_WARN__DUPLICATE_METHOD_MATCH = YES;
				CODE_SIGN_IDENTITY = "iPhone Developer";
				COPY_PHASE_STRIP = NO;
				DEBUG_INFORMATION_FORMAT = dwarf;
				ENABLE_STRICT_OBJC_MSGSEND = YES;
				ENABLE_TESTABILITY = YES;
				GCC_C_LANGUAGE_STANDARD = gnu11;
				GCC_DYNAMIC_NO_PIC = NO;
				GCC_NO_COMMON_BLOCKS = YES;
				GCC_OPTIMIZATION_LEVEL = 0;
				GCC_PREPROCESSOR_DEFINITIONS = (
					"DEBUG=1",
					"$(inherited)",
				);
				GCC_WARN_64_TO_32_BIT_CONVERSION = YES;
				GCC_WARN_ABOUT_RETURN_TYPE = YES_ERROR;
				GCC_WARN_UNDECLARED_SELECTOR = YES;
				GCC_WARN_UNINITIALIZED_AUTOS = YES_AGGRESSIVE;
				GCC_WARN_UNUSED_FUNCTION = YES;
				GCC_WARN_UNUSED_VARIABLE = YES;
				IPHONEOS_DEPLOYMENT_TARGET = 12.1;
				MTL_ENABLE_DEBUG_INFO = INCLUDE_SOURCE;
				MTL_FAST_MATH = YES;
				ONLY_ACTIVE_ARCH = YES;
				SDKROOT = iphoneos;
				SWIFT_ACTIVE_COMPILATION_CONDITIONS = DEBUG;
				SWIFT_OPTIMIZATION_LEVEL = "-Onone";
				SWIFT_VERSION = 4.2;
			};
			name = Debug;
		};
		499700DC21CE880200B053FE /* Release */ = {
			isa = XCBuildConfiguration;
			buildSettings = {
				ALWAYS_SEARCH_USER_PATHS = NO;
				CLANG_ANALYZER_NONNULL = YES;
				CLANG_ANALYZER_NUMBER_OBJECT_CONVERSION = YES_AGGRESSIVE;
				CLANG_CXX_LANGUAGE_STANDARD = "gnu++14";
				CLANG_CXX_LIBRARY = "libc++";
				CLANG_ENABLE_MODULES = YES;
				CLANG_ENABLE_OBJC_ARC = YES;
				CLANG_ENABLE_OBJC_WEAK = YES;
				CLANG_WARN_BLOCK_CAPTURE_AUTORELEASING = YES;
				CLANG_WARN_BOOL_CONVERSION = YES;
				CLANG_WARN_COMMA = YES;
				CLANG_WARN_CONSTANT_CONVERSION = YES;
				CLANG_WARN_DEPRECATED_OBJC_IMPLEMENTATIONS = YES;
				CLANG_WARN_DIRECT_OBJC_ISA_USAGE = YES_ERROR;
				CLANG_WARN_DOCUMENTATION_COMMENTS = YES;
				CLANG_WARN_EMPTY_BODY = YES;
				CLANG_WARN_ENUM_CONVERSION = YES;
				CLANG_WARN_INFINITE_RECURSION = YES;
				CLANG_WARN_INT_CONVERSION = YES;
				CLANG_WARN_NON_LITERAL_NULL_CONVERSION = YES;
				CLANG_WARN_OBJC_IMPLICIT_RETAIN_SELF = YES;
				CLANG_WARN_OBJC_LITERAL_CONVERSION = YES;
				CLANG_WARN_OBJC_ROOT_CLASS = YES_ERROR;
				CLANG_WARN_RANGE_LOOP_ANALYSIS = YES;
				CLANG_WARN_STRICT_PROTOTYPES = YES;
				CLANG_WARN_SUSPICIOUS_MOVE = YES;
				CLANG_WARN_UNGUARDED_AVAILABILITY = YES_AGGRESSIVE;
				CLANG_WARN_UNREACHABLE_CODE = YES;
				CLANG_WARN__DUPLICATE_METHOD_MATCH = YES;
				CODE_SIGN_IDENTITY = "iPhone Developer";
				COPY_PHASE_STRIP = NO;
				DEBUG_INFORMATION_FORMAT = "dwarf-with-dsym";
				ENABLE_NS_ASSERTIONS = NO;
				ENABLE_STRICT_OBJC_MSGSEND = YES;
				GCC_C_LANGUAGE_STANDARD = gnu11;
				GCC_NO_COMMON_BLOCKS = YES;
				GCC_WARN_64_TO_32_BIT_CONVERSION = YES;
				GCC_WARN_ABOUT_RETURN_TYPE = YES_ERROR;
				GCC_WARN_UNDECLARED_SELECTOR = YES;
				GCC_WARN_UNINITIALIZED_AUTOS = YES_AGGRESSIVE;
				GCC_WARN_UNUSED_FUNCTION = YES;
				GCC_WARN_UNUSED_VARIABLE = YES;
				IPHONEOS_DEPLOYMENT_TARGET = 12.1;
				MTL_ENABLE_DEBUG_INFO = NO;
				MTL_FAST_MATH = YES;
				SDKROOT = iphoneos;
				SWIFT_COMPILATION_MODE = wholemodule;
				SWIFT_OPTIMIZATION_LEVEL = "-O";
				SWIFT_VERSION = 4.2;
				VALIDATE_PRODUCT = YES;
			};
			name = Release;
		};
		499700DE21CE880200B053FE /* Debug */ = {
			isa = XCBuildConfiguration;
			baseConfigurationReference = F81E02480C18C36A0A47823A /* Pods-Translator.debug.xcconfig */;
			buildSettings = {
				ASSETCATALOG_COMPILER_APPICON_NAME = AppIcon;
				CODE_SIGN_STYLE = Automatic;
				DEVELOPMENT_TEAM = 58JP37J35E;
				INFOPLIST_FILE = Translator/Info.plist;
				LD_RUNPATH_SEARCH_PATHS = (
					"$(inherited)",
					"@executable_path/Frameworks",
				);
				PRODUCT_BUNDLE_IDENTIFIER = com.Dzhur.Translator;
				PRODUCT_NAME = "$(TARGET_NAME)";
				SWIFT_VERSION = 4.2;
				TARGETED_DEVICE_FAMILY = "1,2";
			};
			name = Debug;
		};
		499700DF21CE880200B053FE /* Release */ = {
			isa = XCBuildConfiguration;
			baseConfigurationReference = 29B7BEAE42B53B05155F741C /* Pods-Translator.release.xcconfig */;
			buildSettings = {
				ASSETCATALOG_COMPILER_APPICON_NAME = AppIcon;
				CODE_SIGN_STYLE = Automatic;
				DEVELOPMENT_TEAM = 58JP37J35E;
				INFOPLIST_FILE = Translator/Info.plist;
				LD_RUNPATH_SEARCH_PATHS = (
					"$(inherited)",
					"@executable_path/Frameworks",
				);
				PRODUCT_BUNDLE_IDENTIFIER = com.Dzhur.Translator;
				PRODUCT_NAME = "$(TARGET_NAME)";
				SWIFT_VERSION = 4.2;
				TARGETED_DEVICE_FAMILY = "1,2";
			};
			name = Release;
		};
/* End XCBuildConfiguration section */

/* Begin XCConfigurationList section */
		499700C421CE880000B053FE /* Build configuration list for PBXProject "Translator" */ = {
			isa = XCConfigurationList;
			buildConfigurations = (
				499700DB21CE880200B053FE /* Debug */,
				499700DC21CE880200B053FE /* Release */,
			);
			defaultConfigurationIsVisible = 0;
			defaultConfigurationName = Release;
		};
		499700DD21CE880200B053FE /* Build configuration list for PBXNativeTarget "Translator" */ = {
			isa = XCConfigurationList;
			buildConfigurations = (
				499700DE21CE880200B053FE /* Debug */,
				499700DF21CE880200B053FE /* Release */,
			);
			defaultConfigurationIsVisible = 0;
			defaultConfigurationName = Release;
		};
/* End XCConfigurationList section */
	};
	rootObject = 499700C121CE880000B053FE /* Project object */;
}
